
Microsoft Visual Studio Solution File, Format Version 12.00
# Visual Studio Version 17
VisualStudioVersion = 17.10.34928.147
MinimumVisualStudioVersion = 10.0.40219.1
Project("{FAE04EC0-301F-11D3-BF4B-00C04F79EFBC}") = "CourseManagementSystem_v1", "CourseManagementSystem_v1\CourseManagementSystem_v1.csproj", "{C637DAB9-15B4-4FF5-A7D2-954FDF21349A}"
EndProject
Global
	GlobalSection(SolutionConfigurationPlatforms) = preSolution
		Debug|Any CPU = Debug|Any CPU
		Release|Any CPU = Release|Any CPU
	EndGlobalSection
	GlobalSection(ProjectConfigurationPlatforms) = postSolution
		{C637DAB9-15B4-4FF5-A7D2-954FDF21349A}.Debug|Any CPU.ActiveCfg = Debug|Any CPU
		{C637DAB9-15B4-4FF5-A7D2-954FDF21349A}.Debug|Any CPU.Build.0 = Debug|Any CPU
		{C637DAB9-15B4-4FF5-A7D2-954FDF21349A}.Release|Any CPU.ActiveCfg = Release|Any CPU
		{C637DAB9-15B4-4FF5-A7D2-954FDF21349A}.Release|Any CPU.Build.0 = Release|Any CPU
	EndGlobalSection
	GlobalSection(SolutionProperties) = preSolution
		HideSolutionNode = FALSE
	EndGlobalSection
	GlobalSection(ExtensibilityGlobals) = postSolution
		SolutionGuid = {28C5E299-A360-4ECB-BD6C-49BF79FC4C66}
	EndGlobalSection
EndGlobal
